<?xml version="1.0" encoding="utf-8"?>
<Project ToolsVersion="4.0" xmlns="http://schemas.microsoft.com/developer/msbuild/2003">
  <ItemGroup>
    <Filter Include="Problems">
      <UniqueIdentifier>{59ca84af-e0c4-4979-a113-7230e9569847}</UniqueIdentifier>
    </Filter>
    <Filter Include="ProjectEuler">
      <UniqueIdentifier>{4FC737F1-C7A5-4376-A066-2A32D752A2FF}</UniqueIdentifier>
      <Extensions>cpp;c;cc;cxx;def;odl;idl;hpj;bat;asm;asmx</Extensions>
    </Filter>
    <Filter Include="Support">
      <UniqueIdentifier>{67DA6AB6-F800-4c08-8B7A-83BB121AAD01}</UniqueIdentifier>
      <Extensions>rc;ico;cur;bmp;dlg;rc2;rct;bin;rgs;gif;jpg;jpeg;jpe;resx;tiff;tif;png;wav;mfcribbon-ms</Extensions>
    </Filter>
  </ItemGroup>
  <ItemGroup>
    <ClCompile Include="Euler.cpp">
      <Filter>ProjectEuler</Filter>
    </ClCompile>
    <ClCompile Include="P1.cpp">
      <Filter>Problems</Filter>
    </ClCompile>
    <ClCompile Include="P2.cpp">
      <Filter>Problems</Filter>
    </ClCompile>
    <ClCompile Include="P3.cpp">
      <Filter>Problems</Filter>
    </ClCompile>
    <ClCompile Include="P4.cpp">
      <Filter>Problems</Filter>
    </ClCompile>
    <ClCompile Include="P5.cpp">
      <Filter>Problems</Filter>
    </ClCompile>
    <ClCompile Include="P6.cpp">
      <Filter>Problems</Filter>
    </ClCompile>
    <ClCompile Include="P7.cpp">
      <Filter>Problems</Filter>
    </ClCompile>
    <ClCompile Include="Primes.cpp">
      <Filter>Support</Filter>
    </ClCompile>
    <ClCompile Include="P8.cpp">
      <Filter>Problems</Filter>
    </ClCompile>
    <ClCompile Include="P9.cpp">
      <Filter>Problems</Filter>
    </ClCompile>
    <ClCompile Include="P10.cpp">
      <Filter>Problems</Filter>
    </ClCompile>
    <ClCompile Include="P11.cpp">
      <Filter>Problems</Filter>
    </ClCompile>
    <ClCompile Include="P12.cpp">
      <Filter>Problems</Filter>
    </ClCompile>
  </ItemGroup>
  <ItemGroup>
    <ClInclude Include="Primes.h">
      <Filter>Support</Filter>
    </ClInclude>
    <ClInclude Include="problems.h">
      <Filter>Support</Filter>
    </ClInclude>
  </ItemGroup>
</Project>